
Microsoft Visual Studio Solution File, Format Version 12.00
Project("{2150E333-8FDC-42A3-9474-1A3956D46DE8}") = "src", "src", "{90A8FD75-63D0-40A8-840A-3CF0E374A6D6}"
EndProject
Project("{FAE04EC0-301F-11D3-BF4B-00C04F79EFBC}") = "RatesService.API", "RatesService.API\RatesService.API.csproj", "{1B19137D-34FF-4678-8059-E193A954BEF7}"
EndProject
Project("{2150E333-8FDC-42A3-9474-1A3956D46DE8}") = "Rates", "Rates", "{07BF3044-E6B1-418C-A03D-87D777DDE05D}"
EndProject
Project("{FAE04EC0-301F-11D3-BF4B-00C04F79EFBC}") = "RatesService.Domain", "RatesService.Domain\RatesService.Domain.csproj", "{D2DF3A2E-0330-46DD-8B91-9C4A6DFD7508}"
EndProject
Project("{FAE04EC0-301F-11D3-BF4B-00C04F79EFBC}") = "RatesService.Infra", "RatesService.Infra\RatesService.Infra.csproj", "{038A3612-9FF7-4674-94A8-2DFA3432C3C4}"
EndProject
Project("{FAE04EC0-301F-11D3-BF4B-00C04F79EFBC}") = "RatesService.Application", "RatesService.Application\RatesService.Application.csproj", "{853E76A8-BBD7-4D13-960E-C99CE8248757}"
EndProject
Project("{2150E333-8FDC-42A3-9474-1A3956D46DE8}") = "Positions", "Positions", "{A23F7BC9-AAB9-4493-AD01-5A3F2CF6CDB5}"
EndProject
Project("{FAE04EC0-301F-11D3-BF4B-00C04F79EFBC}") = "PositionsService.API", "PositionsService.API\PositionsService.API.csproj", "{0BE43210-9674-401F-AAD3-4883E8370673}"
EndProject
Project("{FAE04EC0-301F-11D3-BF4B-00C04F79EFBC}") = "PositionsService.Domain", "PositionsService.Domain\PositionsService.Domain.csproj", "{B3E85BE2-2D5A-4A61-8FB8-B6344A0646B0}"
EndProject
Project("{FAE04EC0-301F-11D3-BF4B-00C04F79EFBC}") = "PositionsService.Infra", "PositionsService.Infra\PositionsService.Infra.csproj", "{43D6C323-70FF-4702-883F-AD189E372BF8}"
EndProject
Project("{FAE04EC0-301F-11D3-BF4B-00C04F79EFBC}") = "PositionsService.Application", "PositionsService.Application\PositionsService.Application.csproj", "{3CAF4AF2-E3C1-48A3-AD1A-0A4900175AB4}"
EndProject
Project("{FAE04EC0-301F-11D3-BF4B-00C04F79EFBC}") = "Events", "Events\Events.csproj", "{A4C5583F-47D9-449D-8E7A-2C5C9AEFFA95}"
EndProject
Project("{FAE04EC0-301F-11D3-BF4B-00C04F79EFBC}") = "Messaging", "Messaging\Messaging.csproj", "{A78A7091-BEBC-44B1-8260-A6F44CEAB8E7}"
EndProject
Project("{2150E333-8FDC-42A3-9474-1A3956D46DE8}") = "Tests", "Tests", "{D8BFC169-F53A-4ADD-80F1-FDE85AA8F0BA}"
EndProject
Project("{FAE04EC0-301F-11D3-BF4B-00C04F79EFBC}") = "IntegrationTests", "IntegrationTests\IntegrationTests.csproj", "{5B45936C-6435-4E65-980E-5F8A69877A1E}"
EndProject
Global
	GlobalSection(SolutionConfigurationPlatforms) = preSolution
		Debug|Any CPU = Debug|Any CPU
		Release|Any CPU = Release|Any CPU
	EndGlobalSection
	GlobalSection(NestedProjects) = preSolution
		{07BF3044-E6B1-418C-A03D-87D777DDE05D} = {90A8FD75-63D0-40A8-840A-3CF0E374A6D6}
		{1B19137D-34FF-4678-8059-E193A954BEF7} = {07BF3044-E6B1-418C-A03D-87D777DDE05D}
		{D2DF3A2E-0330-46DD-8B91-9C4A6DFD7508} = {07BF3044-E6B1-418C-A03D-87D777DDE05D}
		{038A3612-9FF7-4674-94A8-2DFA3432C3C4} = {07BF3044-E6B1-418C-A03D-87D777DDE05D}
		{853E76A8-BBD7-4D13-960E-C99CE8248757} = {07BF3044-E6B1-418C-A03D-87D777DDE05D}
		{A23F7BC9-AAB9-4493-AD01-5A3F2CF6CDB5} = {90A8FD75-63D0-40A8-840A-3CF0E374A6D6}
		{0BE43210-9674-401F-AAD3-4883E8370673} = {A23F7BC9-AAB9-4493-AD01-5A3F2CF6CDB5}
		{B3E85BE2-2D5A-4A61-8FB8-B6344A0646B0} = {A23F7BC9-AAB9-4493-AD01-5A3F2CF6CDB5}
		{43D6C323-70FF-4702-883F-AD189E372BF8} = {A23F7BC9-AAB9-4493-AD01-5A3F2CF6CDB5}
		{3CAF4AF2-E3C1-48A3-AD1A-0A4900175AB4} = {A23F7BC9-AAB9-4493-AD01-5A3F2CF6CDB5}
		{A4C5583F-47D9-449D-8E7A-2C5C9AEFFA95} = {90A8FD75-63D0-40A8-840A-3CF0E374A6D6}
		{A78A7091-BEBC-44B1-8260-A6F44CEAB8E7} = {90A8FD75-63D0-40A8-840A-3CF0E374A6D6}
		{5B45936C-6435-4E65-980E-5F8A69877A1E} = {D8BFC169-F53A-4ADD-80F1-FDE85AA8F0BA}
	EndGlobalSection
	GlobalSection(ProjectConfigurationPlatforms) = postSolution
		{1B19137D-34FF-4678-8059-E193A954BEF7}.Debug|Any CPU.ActiveCfg = Debug|Any CPU
		{1B19137D-34FF-4678-8059-E193A954BEF7}.Debug|Any CPU.Build.0 = Debug|Any CPU
		{1B19137D-34FF-4678-8059-E193A954BEF7}.Release|Any CPU.ActiveCfg = Release|Any CPU
		{1B19137D-34FF-4678-8059-E193A954BEF7}.Release|Any CPU.Build.0 = Release|Any CPU
		{D2DF3A2E-0330-46DD-8B91-9C4A6DFD7508}.Debug|Any CPU.ActiveCfg = Debug|Any CPU
		{D2DF3A2E-0330-46DD-8B91-9C4A6DFD7508}.Debug|Any CPU.Build.0 = Debug|Any CPU
		{D2DF3A2E-0330-46DD-8B91-9C4A6DFD7508}.Release|Any CPU.ActiveCfg = Release|Any CPU
		{D2DF3A2E-0330-46DD-8B91-9C4A6DFD7508}.Release|Any CPU.Build.0 = Release|Any CPU
		{038A3612-9FF7-4674-94A8-2DFA3432C3C4}.Debug|Any CPU.ActiveCfg = Debug|Any CPU
		{038A3612-9FF7-4674-94A8-2DFA3432C3C4}.Debug|Any CPU.Build.0 = Debug|Any CPU
		{038A3612-9FF7-4674-94A8-2DFA3432C3C4}.Release|Any CPU.ActiveCfg = Release|Any CPU
		{038A3612-9FF7-4674-94A8-2DFA3432C3C4}.Release|Any CPU.Build.0 = Release|Any CPU
		{853E76A8-BBD7-4D13-960E-C99CE8248757}.Debug|Any CPU.ActiveCfg = Debug|Any CPU
		{853E76A8-BBD7-4D13-960E-C99CE8248757}.Debug|Any CPU.Build.0 = Debug|Any CPU
		{853E76A8-BBD7-4D13-960E-C99CE8248757}.Release|Any CPU.ActiveCfg = Release|Any CPU
		{853E76A8-BBD7-4D13-960E-C99CE8248757}.Release|Any CPU.Build.0 = Release|Any CPU
		{0BE43210-9674-401F-AAD3-4883E8370673}.Debug|Any CPU.ActiveCfg = Debug|Any CPU
		{0BE43210-9674-401F-AAD3-4883E8370673}.Debug|Any CPU.Build.0 = Debug|Any CPU
		{0BE43210-9674-401F-AAD3-4883E8370673}.Release|Any CPU.ActiveCfg = Release|Any CPU
		{0BE43210-9674-401F-AAD3-4883E8370673}.Release|Any CPU.Build.0 = Release|Any CPU
		{B3E85BE2-2D5A-4A61-8FB8-B6344A0646B0}.Debug|Any CPU.ActiveCfg = Debug|Any CPU
		{B3E85BE2-2D5A-4A61-8FB8-B6344A0646B0}.Debug|Any CPU.Build.0 = Debug|Any CPU
		{B3E85BE2-2D5A-4A61-8FB8-B6344A0646B0}.Release|Any CPU.ActiveCfg = Release|Any CPU
		{B3E85BE2-2D5A-4A61-8FB8-B6344A0646B0}.Release|Any CPU.Build.0 = Release|Any CPU
		{43D6C323-70FF-4702-883F-AD189E372BF8}.Debug|Any CPU.ActiveCfg = Debug|Any CPU
		{43D6C323-70FF-4702-883F-AD189E372BF8}.Debug|Any CPU.Build.0 = Debug|Any CPU
		{43D6C323-70FF-4702-883F-AD189E372BF8}.Release|Any CPU.ActiveCfg = Release|Any CPU
		{43D6C323-70FF-4702-883F-AD189E372BF8}.Release|Any CPU.Build.0 = Release|Any CPU
		{3CAF4AF2-E3C1-48A3-AD1A-0A4900175AB4}.Debug|Any CPU.ActiveCfg = Debug|Any CPU
		{3CAF4AF2-E3C1-48A3-AD1A-0A4900175AB4}.Debug|Any CPU.Build.0 = Debug|Any CPU
		{3CAF4AF2-E3C1-48A3-AD1A-0A4900175AB4}.Release|Any CPU.ActiveCfg = Release|Any CPU
		{3CAF4AF2-E3C1-48A3-AD1A-0A4900175AB4}.Release|Any CPU.Build.0 = Release|Any CPU
		{A4C5583F-47D9-449D-8E7A-2C5C9AEFFA95}.Debug|Any CPU.ActiveCfg = Debug|Any CPU
		{A4C5583F-47D9-449D-8E7A-2C5C9AEFFA95}.Debug|Any CPU.Build.0 = Debug|Any CPU
		{A4C5583F-47D9-449D-8E7A-2C5C9AEFFA95}.Release|Any CPU.ActiveCfg = Release|Any CPU
		{A4C5583F-47D9-449D-8E7A-2C5C9AEFFA95}.Release|Any CPU.Build.0 = Release|Any CPU
		{A78A7091-BEBC-44B1-8260-A6F44CEAB8E7}.Debug|Any CPU.ActiveCfg = Debug|Any CPU
		{A78A7091-BEBC-44B1-8260-A6F44CEAB8E7}.Debug|Any CPU.Build.0 = Debug|Any CPU
		{A78A7091-BEBC-44B1-8260-A6F44CEAB8E7}.Release|Any CPU.ActiveCfg = Release|Any CPU
		{A78A7091-BEBC-44B1-8260-A6F44CEAB8E7}.Release|Any CPU.Build.0 = Release|Any CPU
		{5B45936C-6435-4E65-980E-5F8A69877A1E}.Debug|Any CPU.ActiveCfg = Debug|Any CPU
		{5B45936C-6435-4E65-980E-5F8A69877A1E}.Debug|Any CPU.Build.0 = Debug|Any CPU
		{5B45936C-6435-4E65-980E-5F8A69877A1E}.Release|Any CPU.ActiveCfg = Release|Any CPU
		{5B45936C-6435-4E65-980E-5F8A69877A1E}.Release|Any CPU.Build.0 = Release|Any CPU
	EndGlobalSection
EndGlobal
